// !$*UTF8*$!
{
	archiveVersion = 1;
	classes = {
	};
	objectVersion = 51;
	objects = {

/* Begin PBXBuildFile section */
		A9D3DAAB22E0599D00D19106 /* BookViewModel.swift in Sources */ = {isa = PBXBuildFile; fileRef = EB40234D22572B0E00A70F1F /* BookViewModel.swift */; };
		A9D3DAAC22E05AA800D19106 /* APIService.swift in Sources */ = {isa = PBXBuildFile; fileRef = EB3A39792254D41100DDD583 /* APIService.swift */; };
		A9D3DAAD22E05BDD00D19106 /* BookModel.swift in Sources */ = {isa = PBXBuildFile; fileRef = EB3A39762254D38400DDD583 /* BookModel.swift */; };
		A9D3DAAF22E05DA000D19106 /* BookModelTests.swift in Sources */ = {isa = PBXBuildFile; fileRef = A9D3DAAE22E05DA000D19106 /* BookModelTests.swift */; };
		A9D3DAB122E05F7300D19106 /* Fixtures in Resources */ = {isa = PBXBuildFile; fileRef = A9D3DAB022E05F7300D19106 /* Fixtures */; };
		A9D3DAB622E065C200D19106 /* books.json in Resources */ = {isa = PBXBuildFile; fileRef = A9D3DAB522E065C200D19106 /* books.json */; };
		A9D3DAB822E06A8800D19106 /* TestUtils.swift in Sources */ = {isa = PBXBuildFile; fileRef = A9D3DAB722E06A8800D19106 /* TestUtils.swift */; };
		A9D3DAB922E1FD6800D19106 /* BookDetailsViewModel.swift in Sources */ = {isa = PBXBuildFile; fileRef = EBE6B66A2257AF31009D747C /* BookDetailsViewModel.swift */; };
		A9D3DAC522E2FD3F00D19106 /* BookGoogleUITests.swift in Sources */ = {isa = PBXBuildFile; fileRef = A9D3DAC422E2FD3F00D19106 /* BookGoogleUITests.swift */; };
		A9FE774022E03E0400DFEBFE /* BookViewModelTests.swift in Sources */ = {isa = PBXBuildFile; fileRef = A9FE773F22E03E0400DFEBFE /* BookViewModelTests.swift */; };
		BEB7CF8A79712F76216BBEA9 /* Pods_BookGoogle.framework in Frameworks */ = {isa = PBXBuildFile; fileRef = 37027C148993A5FF6D24DE38 /* Pods_BookGoogle.framework */; };
		CF97AAF02DCA7CD9E4C2C98A /* Pods_BookGoogleTests.framework in Frameworks */ = {isa = PBXBuildFile; fileRef = 30AD99188CED6206FB964864 /* Pods_BookGoogleTests.framework */; };
		EB3A39562254CEF700DDD583 /* AppDelegate.swift in Sources */ = {isa = PBXBuildFile; fileRef = EB3A39552254CEF700DDD583 /* AppDelegate.swift */; };
		EB3A39582254CEF700DDD583 /* BookTableViewController.swift in Sources */ = {isa = PBXBuildFile; fileRef = EB3A39572254CEF700DDD583 /* BookTableViewController.swift */; };
		EB3A395D2254CEF900DDD583 /* Assets.xcassets in Resources */ = {isa = PBXBuildFile; fileRef = EB3A395C2254CEF900DDD583 /* Assets.xcassets */; };
		EB3A39602254CEF900DDD583 /* LaunchScreen.storyboard in Resources */ = {isa = PBXBuildFile; fileRef = EB3A395E2254CEF900DDD583 /* LaunchScreen.storyboard */; };
		EB3A396B2254CEF900DDD583 /* BookDetailsViewModelTests.swift in Sources */ = {isa = PBXBuildFile; fileRef = EB3A396A2254CEF900DDD583 /* BookDetailsViewModelTests.swift */; };
		EB3A39772254D38400DDD583 /* BookModel.swift in Sources */ = {isa = PBXBuildFile; fileRef = EB3A39762254D38400DDD583 /* BookModel.swift */; };
		EB3A397A2254D41100DDD583 /* APIService.swift in Sources */ = {isa = PBXBuildFile; fileRef = EB3A39792254D41100DDD583 /* APIService.swift */; };
		EB3A632B225520FF00DDD583 /* BookTableViewCell.swift in Sources */ = {isa = PBXBuildFile; fileRef = EB3A632A225520FF00DDD583 /* BookTableViewCell.swift */; };
		EB40234B225729FB00A70F1F /* String.swift in Sources */ = {isa = PBXBuildFile; fileRef = EB40234A225729FB00A70F1F /* String.swift */; };
		EB40234E22572B0E00A70F1F /* BookViewModel.swift in Sources */ = {isa = PBXBuildFile; fileRef = EB40234D22572B0E00A70F1F /* BookViewModel.swift */; };
		EB40235122572CA000A70F1F /* ActivityIndicator.swift in Sources */ = {isa = PBXBuildFile; fileRef = EB40235022572CA000A70F1F /* ActivityIndicator.swift */; };
		EB9D9DBE22565AB0004DB0EC /* BookDetailsViewController.swift in Sources */ = {isa = PBXBuildFile; fileRef = EB9D9DBD22565AB0004DB0EC /* BookDetailsViewController.swift */; };
		EB9D9DC0225672BC004DB0EC /* ImageCollectionViewCell.swift in Sources */ = {isa = PBXBuildFile; fileRef = EB9D9DBF225672BC004DB0EC /* ImageCollectionViewCell.swift */; };
		EB9D9DC2225672CE004DB0EC /* InfoCollectionViewCell.swift in Sources */ = {isa = PBXBuildFile; fileRef = EB9D9DC1225672CE004DB0EC /* InfoCollectionViewCell.swift */; };
		EB9D9DC4225672DB004DB0EC /* DescriptionCollectionViewCell.swift in Sources */ = {isa = PBXBuildFile; fileRef = EB9D9DC3225672DB004DB0EC /* DescriptionCollectionViewCell.swift */; };
		EBE6B66B2257AF31009D747C /* BookDetailsViewModel.swift in Sources */ = {isa = PBXBuildFile; fileRef = EBE6B66A2257AF31009D747C /* BookDetailsViewModel.swift */; };
		EBE6B66D2257DDFC009D747C /* UIScrollView.swift in Sources */ = {isa = PBXBuildFile; fileRef = EBE6B66C2257DDFC009D747C /* UIScrollView.swift */; };
/* End PBXBuildFile section */

/* Begin PBXContainerItemProxy section */
		A9D3DAC722E2FD3F00D19106 /* PBXContainerItemProxy */ = {
			isa = PBXContainerItemProxy;
			containerPortal = EB3A394A2254CEF700DDD583 /* Project object */;
			proxyType = 1;
			remoteGlobalIDString = EB3A39512254CEF700DDD583;
			remoteInfo = BookGoogle;
		};
		EB3A39672254CEF900DDD583 /* PBXContainerItemProxy */ = {
			isa = PBXContainerItemProxy;
			containerPortal = EB3A394A2254CEF700DDD583 /* Project object */;
			proxyType = 1;
			remoteGlobalIDString = EB3A39512254CEF700DDD583;
			remoteInfo = BookGoogle;
		};
/* End PBXContainerItemProxy section */

/* Begin PBXFileReference section */
		30AD99188CED6206FB964864 /* Pods_BookGoogleTests.framework */ = {isa = PBXFileReference; explicitFileType = wrapper.framework; includeInIndex = 0; path = Pods_BookGoogleTests.framework; sourceTree = BUILT_PRODUCTS_DIR; };
		37027C148993A5FF6D24DE38 /* Pods_BookGoogle.framework */ = {isa = PBXFileReference; explicitFileType = wrapper.framework; includeInIndex = 0; path = Pods_BookGoogle.framework; sourceTree = BUILT_PRODUCTS_DIR; };
		507CCC85211B0EBEB1784499 /* Pods-BookGoogleTests.release.xcconfig */ = {isa = PBXFileReference; includeInIndex = 1; lastKnownFileType = text.xcconfig; name = "Pods-BookGoogleTests.release.xcconfig"; path = "Pods/Target Support Files/Pods-BookGoogleTests/Pods-BookGoogleTests.release.xcconfig"; sourceTree = "<group>"; };
		5C628C0BE460CE6EF43019D1 /* Pods-BookGoogle.release.xcconfig */ = {isa = PBXFileReference; includeInIndex = 1; lastKnownFileType = text.xcconfig; name = "Pods-BookGoogle.release.xcconfig"; path = "Pods/Target Support Files/Pods-BookGoogle/Pods-BookGoogle.release.xcconfig"; sourceTree = "<group>"; };
		800514D8654538F90E84268E /* Pods-BookGoogle.debug.xcconfig */ = {isa = PBXFileReference; includeInIndex = 1; lastKnownFileType = text.xcconfig; name = "Pods-BookGoogle.debug.xcconfig"; path = "Pods/Target Support Files/Pods-BookGoogle/Pods-BookGoogle.debug.xcconfig"; sourceTree = "<group>"; };
		A9D3DAAE22E05DA000D19106 /* BookModelTests.swift */ = {isa = PBXFileReference; lastKnownFileType = sourcecode.swift; path = BookModelTests.swift; sourceTree = "<group>"; };
		A9D3DAB022E05F7300D19106 /* Fixtures */ = {isa = PBXFileReference; lastKnownFileType = folder; path = Fixtures; sourceTree = "<group>"; };
		A9D3DAB522E065C200D19106 /* books.json */ = {isa = PBXFileReference; lastKnownFileType = text.json; name = books.json; path = BookGoogleTests/Fixtures/books.json; sourceTree = "<group>"; };
		A9D3DAB722E06A8800D19106 /* TestUtils.swift */ = {isa = PBXFileReference; lastKnownFileType = sourcecode.swift; path = TestUtils.swift; sourceTree = "<group>"; };
		A9D3DAC222E2FD3F00D19106 /* BookGoogleUITests.xctest */ = {isa = PBXFileReference; explicitFileType = wrapper.cfbundle; includeInIndex = 0; path = BookGoogleUITests.xctest; sourceTree = BUILT_PRODUCTS_DIR; };
		A9D3DAC422E2FD3F00D19106 /* BookGoogleUITests.swift */ = {isa = PBXFileReference; lastKnownFileType = sourcecode.swift; path = BookGoogleUITests.swift; sourceTree = "<group>"; };
		A9D3DAC622E2FD3F00D19106 /* Info.plist */ = {isa = PBXFileReference; lastKnownFileType = text.plist.xml; path = Info.plist; sourceTree = "<group>"; };
		A9FE773F22E03E0400DFEBFE /* BookViewModelTests.swift */ = {isa = PBXFileReference; lastKnownFileType = sourcecode.swift; path = BookViewModelTests.swift; sourceTree = "<group>"; };
		AD1FCE64AFF27F366F146F7F /* Pods-BookGoogleTests.debug.xcconfig */ = {isa = PBXFileReference; includeInIndex = 1; lastKnownFileType = text.xcconfig; name = "Pods-BookGoogleTests.debug.xcconfig"; path = "Pods/Target Support Files/Pods-BookGoogleTests/Pods-BookGoogleTests.debug.xcconfig"; sourceTree = "<group>"; };
		EB3A39522254CEF700DDD583 /* BookGoogle.app */ = {isa = PBXFileReference; explicitFileType = wrapper.application; includeInIndex = 0; path = BookGoogle.app; sourceTree = BUILT_PRODUCTS_DIR; };
		EB3A39552254CEF700DDD583 /* AppDelegate.swift */ = {isa = PBXFileReference; lastKnownFileType = sourcecode.swift; path = AppDelegate.swift; sourceTree = "<group>"; };
		EB3A39572254CEF700DDD583 /* BookTableViewController.swift */ = {isa = PBXFileReference; lastKnownFileType = sourcecode.swift; path = BookTableViewController.swift; sourceTree = "<group>"; };
		EB3A395C2254CEF900DDD583 /* Assets.xcassets */ = {isa = PBXFileReference; lastKnownFileType = folder.assetcatalog; path = Assets.xcassets; sourceTree = "<group>"; };
		EB3A395F2254CEF900DDD583 /* Base */ = {isa = PBXFileReference; lastKnownFileType = file.storyboard; name = Base; path = Base.lproj/LaunchScreen.storyboard; sourceTree = "<group>"; };
		EB3A39612254CEF900DDD583 /* Info.plist */ = {isa = PBXFileReference; lastKnownFileType = text.plist.xml; path = Info.plist; sourceTree = "<group>"; };
		EB3A39662254CEF900DDD583 /* BookGoogleTests.xctest */ = {isa = PBXFileReference; explicitFileType = wrapper.cfbundle; includeInIndex = 0; path = BookGoogleTests.xctest; sourceTree = BUILT_PRODUCTS_DIR; };
		EB3A396A2254CEF900DDD583 /* BookDetailsViewModelTests.swift */ = {isa = PBXFileReference; lastKnownFileType = sourcecode.swift; path = BookDetailsViewModelTests.swift; sourceTree = "<group>"; };
		EB3A396C2254CEF900DDD583 /* Info.plist */ = {isa = PBXFileReference; lastKnownFileType = text.plist.xml; path = Info.plist; sourceTree = "<group>"; };
		EB3A39762254D38400DDD583 /* BookModel.swift */ = {isa = PBXFileReference; lastKnownFileType = sourcecode.swift; path = BookModel.swift; sourceTree = "<group>"; };
		EB3A39792254D41100DDD583 /* APIService.swift */ = {isa = PBXFileReference; lastKnownFileType = sourcecode.swift; path = APIService.swift; sourceTree = "<group>"; };
		EB3A632A225520FF00DDD583 /* BookTableViewCell.swift */ = {isa = PBXFileReference; lastKnownFileType = sourcecode.swift; path = BookTableViewCell.swift; sourceTree = "<group>"; };
		EB40234A225729FB00A70F1F /* String.swift */ = {isa = PBXFileReference; lastKnownFileType = sourcecode.swift; path = String.swift; sourceTree = "<group>"; };
		EB40234D22572B0E00A70F1F /* BookViewModel.swift */ = {isa = PBXFileReference; lastKnownFileType = sourcecode.swift; path = BookViewModel.swift; sourceTree = "<group>"; };
		EB40235022572CA000A70F1F /* ActivityIndicator.swift */ = {isa = PBXFileReference; lastKnownFileType = sourcecode.swift; path = ActivityIndicator.swift; sourceTree = "<group>"; };
		EB9D9DBD22565AB0004DB0EC /* BookDetailsViewController.swift */ = {isa = PBXFileReference; lastKnownFileType = sourcecode.swift; path = BookDetailsViewController.swift; sourceTree = "<group>"; };
		EB9D9DBF225672BC004DB0EC /* ImageCollectionViewCell.swift */ = {isa = PBXFileReference; lastKnownFileType = sourcecode.swift; path = ImageCollectionViewCell.swift; sourceTree = "<group>"; };
		EB9D9DC1225672CE004DB0EC /* InfoCollectionViewCell.swift */ = {isa = PBXFileReference; lastKnownFileType = sourcecode.swift; path = InfoCollectionViewCell.swift; sourceTree = "<group>"; };
		EB9D9DC3225672DB004DB0EC /* DescriptionCollectionViewCell.swift */ = {isa = PBXFileReference; lastKnownFileType = sourcecode.swift; path = DescriptionCollectionViewCell.swift; sourceTree = "<group>"; };
		EBE6B66A2257AF31009D747C /* BookDetailsViewModel.swift */ = {isa = PBXFileReference; lastKnownFileType = sourcecode.swift; path = BookDetailsViewModel.swift; sourceTree = "<group>"; };
		EBE6B66C2257DDFC009D747C /* UIScrollView.swift */ = {isa = PBXFileReference; lastKnownFileType = sourcecode.swift; name = UIScrollView.swift; path = BookGoogle/Extensions/UIScrollView.swift; sourceTree = SOURCE_ROOT; };
/* End PBXFileReference section */

/* Begin PBXFrameworksBuildPhase section */
		A9D3DABF22E2FD3F00D19106 /* Frameworks */ = {
			isa = PBXFrameworksBuildPhase;
			buildActionMask = 2147483647;
			files = (
			);
			runOnlyForDeploymentPostprocessing = 0;
		};
		EB3A394F2254CEF700DDD583 /* Frameworks */ = {
			isa = PBXFrameworksBuildPhase;
			buildActionMask = 2147483647;
			files = (
				BEB7CF8A79712F76216BBEA9 /* Pods_BookGoogle.framework in Frameworks */,
			);
			runOnlyForDeploymentPostprocessing = 0;
		};
		EB3A39632254CEF900DDD583 /* Frameworks */ = {
			isa = PBXFrameworksBuildPhase;
			buildActionMask = 2147483647;
			files = (
				CF97AAF02DCA7CD9E4C2C98A /* Pods_BookGoogleTests.framework in Frameworks */,
			);
			runOnlyForDeploymentPostprocessing = 0;
		};
/* End PBXFrameworksBuildPhase section */

/* Begin PBXGroup section */
		603538295C97D9D6E735561E /* Frameworks */ = {
			isa = PBXGroup;
			children = (
				37027C148993A5FF6D24DE38 /* Pods_BookGoogle.framework */,
				30AD99188CED6206FB964864 /* Pods_BookGoogleTests.framework */,
			);
			name = Frameworks;
			sourceTree = "<group>";
		};
		7335B9E3C6E7184DB5BC527F /* Pods */ = {
			isa = PBXGroup;
			children = (
				800514D8654538F90E84268E /* Pods-BookGoogle.debug.xcconfig */,
				5C628C0BE460CE6EF43019D1 /* Pods-BookGoogle.release.xcconfig */,
				AD1FCE64AFF27F366F146F7F /* Pods-BookGoogleTests.debug.xcconfig */,
				507CCC85211B0EBEB1784499 /* Pods-BookGoogleTests.release.xcconfig */,
			);
			name = Pods;
			sourceTree = "<group>";
		};
		A9D3DAC322E2FD3F00D19106 /* BookGoogleUITests */ = {
			isa = PBXGroup;
			children = (
				A9D3DAC422E2FD3F00D19106 /* BookGoogleUITests.swift */,
				A9D3DAC622E2FD3F00D19106 /* Info.plist */,
			);
			path = BookGoogleUITests;
			sourceTree = "<group>";
		};
		EB3A39492254CEF700DDD583 = {
			isa = PBXGroup;
			children = (
				A9D3DAB522E065C200D19106 /* books.json */,
				EB3A39542254CEF700DDD583 /* BookGoogle */,
				EB3A39692254CEF900DDD583 /* BookGoogleTests */,
				A9D3DAC322E2FD3F00D19106 /* BookGoogleUITests */,
				EB3A39532254CEF700DDD583 /* Products */,
				7335B9E3C6E7184DB5BC527F /* Pods */,
				603538295C97D9D6E735561E /* Frameworks */,
			);
			sourceTree = "<group>";
		};
		EB3A39532254CEF700DDD583 /* Products */ = {
			isa = PBXGroup;
			children = (
				EB3A39522254CEF700DDD583 /* BookGoogle.app */,
				EB3A39662254CEF900DDD583 /* BookGoogleTests.xctest */,
				A9D3DAC222E2FD3F00D19106 /* BookGoogleUITests.xctest */,
			);
			name = Products;
			sourceTree = "<group>";
		};
		EB3A39542254CEF700DDD583 /* BookGoogle */ = {
			isa = PBXGroup;
			children = (
				EB40234F22572C8D00A70F1F /* Utils */,
				EB40234C22572AED00A70F1F /* ViewModel */,
				EB402349225729E200A70F1F /* Extensions */,
				EB3A6329225520DE00DDD583 /* Views */,
				EB3A397B22551FE900DDD583 /* ViewControllers */,
				EB3A39782254D3E600DDD583 /* APIService */,
				EB3A39752254D37200DDD583 /* Models */,
				EB3A39552254CEF700DDD583 /* AppDelegate.swift */,
				EB3A395C2254CEF900DDD583 /* Assets.xcassets */,
				EB3A395E2254CEF900DDD583 /* LaunchScreen.storyboard */,
				EB3A39612254CEF900DDD583 /* Info.plist */,
			);
			path = BookGoogle;
			sourceTree = "<group>";
		};
		EB3A39692254CEF900DDD583 /* BookGoogleTests */ = {
			isa = PBXGroup;
			children = (
				A9D3DAB022E05F7300D19106 /* Fixtures */,
				EB3A396A2254CEF900DDD583 /* BookDetailsViewModelTests.swift */,
				EB3A396C2254CEF900DDD583 /* Info.plist */,
				A9FE773F22E03E0400DFEBFE /* BookViewModelTests.swift */,
				A9D3DAAE22E05DA000D19106 /* BookModelTests.swift */,
				A9D3DAB722E06A8800D19106 /* TestUtils.swift */,
			);
			path = BookGoogleTests;
			sourceTree = "<group>";
		};
		EB3A39752254D37200DDD583 /* Models */ = {
			isa = PBXGroup;
			children = (
				EB3A39762254D38400DDD583 /* BookModel.swift */,
			);
			path = Models;
			sourceTree = "<group>";
		};
		EB3A39782254D3E600DDD583 /* APIService */ = {
			isa = PBXGroup;
			children = (
				EB3A39792254D41100DDD583 /* APIService.swift */,
			);
			path = APIService;
			sourceTree = "<group>";
		};
		EB3A397B22551FE900DDD583 /* ViewControllers */ = {
			isa = PBXGroup;
			children = (
				EB9D9DBD22565AB0004DB0EC /* BookDetailsViewController.swift */,
				EB3A39572254CEF700DDD583 /* BookTableViewController.swift */,
			);
			path = ViewControllers;
			sourceTree = "<group>";
		};
		EB3A6329225520DE00DDD583 /* Views */ = {
			isa = PBXGroup;
			children = (
				EB3A632A225520FF00DDD583 /* BookTableViewCell.swift */,
				EB9D9DBF225672BC004DB0EC /* ImageCollectionViewCell.swift */,
				EB9D9DC1225672CE004DB0EC /* InfoCollectionViewCell.swift */,
				EB9D9DC3225672DB004DB0EC /* DescriptionCollectionViewCell.swift */,
			);
			path = Views;
			sourceTree = "<group>";
		};
		EB402349225729E200A70F1F /* Extensions */ = {
			isa = PBXGroup;
			children = (
				EB40234A225729FB00A70F1F /* String.swift */,
			);
			path = Extensions;
			sourceTree = "<group>";
		};
		EB40234C22572AED00A70F1F /* ViewModel */ = {
			isa = PBXGroup;
			children = (
				EB40234D22572B0E00A70F1F /* BookViewModel.swift */,
				EBE6B66A2257AF31009D747C /* BookDetailsViewModel.swift */,
			);
			path = ViewModel;
			sourceTree = "<group>";
		};
		EB40234F22572C8D00A70F1F /* Utils */ = {
			isa = PBXGroup;
			children = (
				EB40235022572CA000A70F1F /* ActivityIndicator.swift */,
				EBE6B66C2257DDFC009D747C /* UIScrollView.swift */,
			);
			path = Utils;
			sourceTree = "<group>";
		};
/* End PBXGroup section */

/* Begin PBXNativeTarget section */
		A9D3DAC122E2FD3F00D19106 /* BookGoogleUITests */ = {
			isa = PBXNativeTarget;
			buildConfigurationList = A9D3DAC922E2FD3F00D19106 /* Build configuration list for PBXNativeTarget "BookGoogleUITests" */;
			buildPhases = (
				A9D3DABE22E2FD3F00D19106 /* Sources */,
				A9D3DABF22E2FD3F00D19106 /* Frameworks */,
				A9D3DAC022E2FD3F00D19106 /* Resources */,
			);
			buildRules = (
			);
			dependencies = (
				A9D3DAC822E2FD3F00D19106 /* PBXTargetDependency */,
			);
			name = BookGoogleUITests;
			productName = BookGoogleUITests;
			productReference = A9D3DAC222E2FD3F00D19106 /* BookGoogleUITests.xctest */;
			productType = "com.apple.product-type.bundle.ui-testing";
		};
		EB3A39512254CEF700DDD583 /* BookGoogle */ = {
			isa = PBXNativeTarget;
			buildConfigurationList = EB3A396F2254CEF900DDD583 /* Build configuration list for PBXNativeTarget "BookGoogle" */;
			buildPhases = (
				EF7DA08C3C875DDA5AB4C80C /* [CP] Check Pods Manifest.lock */,
				EB3A394E2254CEF700DDD583 /* Sources */,
				EB3A394F2254CEF700DDD583 /* Frameworks */,
				EB3A39502254CEF700DDD583 /* Resources */,
				2C6BD31CED2B0ABDDEF9B642 /* [CP] Embed Pods Frameworks */,
				EBE6B66E22587896009D747C /* ShellScript */,
			);
			buildRules = (
			);
			dependencies = (
			);
			name = BookGoogle;
			productName = BookGoogle;
			productReference = EB3A39522254CEF700DDD583 /* BookGoogle.app */;
			productType = "com.apple.product-type.application";
		};
		EB3A39652254CEF900DDD583 /* BookGoogleTests */ = {
			isa = PBXNativeTarget;
			buildConfigurationList = EB3A39722254CEF900DDD583 /* Build configuration list for PBXNativeTarget "BookGoogleTests" */;
			buildPhases = (
				0584D2CFB602115FFEDD5CDB /* [CP] Check Pods Manifest.lock */,
				EB3A39622254CEF900DDD583 /* Sources */,
				EB3A39632254CEF900DDD583 /* Frameworks */,
				EB3A39642254CEF900DDD583 /* Resources */,
				7CCABDEAC812EA6C599FB689 /* [CP] Embed Pods Frameworks */,
			);
			buildRules = (
			);
			dependencies = (
				EB3A39682254CEF900DDD583 /* PBXTargetDependency */,
			);
			name = BookGoogleTests;
			productName = BookGoogleTests;
			productReference = EB3A39662254CEF900DDD583 /* BookGoogleTests.xctest */;
			productType = "com.apple.product-type.bundle.unit-test";
		};
/* End PBXNativeTarget section */

/* Begin PBXProject section */
		EB3A394A2254CEF700DDD583 /* Project object */ = {
			isa = PBXProject;
			attributes = {
				LastSwiftUpdateCheck = 1020;
				LastUpgradeCheck = 1010;
				ORGANIZATIONNAME = Miguel;
				TargetAttributes = {
					A9D3DAC122E2FD3F00D19106 = {
						CreatedOnToolsVersion = 10.2.1;
						TestTargetID = EB3A39512254CEF700DDD583;
					};
					EB3A39512254CEF700DDD583 = {
						CreatedOnToolsVersion = 10.1;
					};
					EB3A39652254CEF900DDD583 = {
						CreatedOnToolsVersion = 10.1;
						TestTargetID = EB3A39512254CEF700DDD583;
					};
				};
			};
			buildConfigurationList = EB3A394D2254CEF700DDD583 /* Build configuration list for PBXProject "BookGoogle" */;
			compatibilityVersion = "Xcode 9.3";
			developmentRegion = en;
			hasScannedForEncodings = 0;
			knownRegions = (
				en,
				Base,
			);
			mainGroup = EB3A39492254CEF700DDD583;
			productRefGroup = EB3A39532254CEF700DDD583 /* Products */;
			projectDirPath = "";
			projectRoot = "";
			targets = (
				EB3A39512254CEF700DDD583 /* BookGoogle */,
				EB3A39652254CEF900DDD583 /* BookGoogleTests */,
				A9D3DAC122E2FD3F00D19106 /* BookGoogleUITests */,
			);
		};
/* End PBXProject section */

/* Begin PBXResourcesBuildPhase section */
		A9D3DAC022E2FD3F00D19106 /* Resources */ = {
			isa = PBXResourcesBuildPhase;
			buildActionMask = 2147483647;
			files = (
			);
			runOnlyForDeploymentPostprocessing = 0;
		};
		EB3A39502254CEF700DDD583 /* Resources */ = {
			isa = PBXResourcesBuildPhase;
			buildActionMask = 2147483647;
			files = (
				EB3A39602254CEF900DDD583 /* LaunchScreen.storyboard in Resources */,
				EB3A395D2254CEF900DDD583 /* Assets.xcassets in Resources */,
			);
			runOnlyForDeploymentPostprocessing = 0;
		};
		EB3A39642254CEF900DDD583 /* Resources */ = {
			isa = PBXResourcesBuildPhase;
			buildActionMask = 2147483647;
			files = (
				A9D3DAB122E05F7300D19106 /* Fixtures in Resources */,
				A9D3DAB622E065C200D19106 /* books.json in Resources */,
			);
			runOnlyForDeploymentPostprocessing = 0;
		};
/* End PBXResourcesBuildPhase section */

/* Begin PBXShellScriptBuildPhase section */
		0584D2CFB602115FFEDD5CDB /* [CP] Check Pods Manifest.lock */ = {
			isa = PBXShellScriptBuildPhase;
			buildActionMask = 2147483647;
			files = (
			);
			inputFileListPaths = (
			);
			inputPaths = (
				"${PODS_PODFILE_DIR_PATH}/Podfile.lock",
				"${PODS_ROOT}/Manifest.lock",
			);
			name = "[CP] Check Pods Manifest.lock";
			outputFileListPaths = (
			);
			outputPaths = (
				"$(DERIVED_FILE_DIR)/Pods-BookGoogleTests-checkManifestLockResult.txt",
			);
			runOnlyForDeploymentPostprocessing = 0;
			shellPath = /bin/sh;
			shellScript = "diff \"${PODS_PODFILE_DIR_PATH}/Podfile.lock\" \"${PODS_ROOT}/Manifest.lock\" > /dev/null\nif [ $? != 0 ] ; then\n    # print error to STDERR\n    echo \"error: The sandbox is not in sync with the Podfile.lock. Run 'pod install' or update your CocoaPods installation.\" >&2\n    exit 1\nfi\n# This output is used by Xcode 'outputs' to avoid re-running this script phase.\necho \"SUCCESS\" > \"${SCRIPT_OUTPUT_FILE_0}\"\n";
			showEnvVarsInLog = 0;
		};
		2C6BD31CED2B0ABDDEF9B642 /* [CP] Embed Pods Frameworks */ = {
			isa = PBXShellScriptBuildPhase;
			buildActionMask = 2147483647;
			files = (
			);
			inputFileListPaths = (
				"${PODS_ROOT}/Target Support Files/Pods-BookGoogle/Pods-BookGoogle-frameworks-${CONFIGURATION}-input-files.xcfilelist",
			);
			name = "[CP] Embed Pods Frameworks";
			outputFileListPaths = (
				"${PODS_ROOT}/Target Support Files/Pods-BookGoogle/Pods-BookGoogle-frameworks-${CONFIGURATION}-output-files.xcfilelist",
			);
			runOnlyForDeploymentPostprocessing = 0;
			shellPath = /bin/sh;
			shellScript = "\"${PODS_ROOT}/Target Support Files/Pods-BookGoogle/Pods-BookGoogle-frameworks.sh\"\n";
			showEnvVarsInLog = 0;
		};
		7CCABDEAC812EA6C599FB689 /* [CP] Embed Pods Frameworks */ = {
			isa = PBXShellScriptBuildPhase;
			buildActionMask = 2147483647;
			files = (
			);
			inputFileListPaths = (
				"${PODS_ROOT}/Target Support Files/Pods-BookGoogleTests/Pods-BookGoogleTests-frameworks-${CONFIGURATION}-input-files.xcfilelist",
			);
			name = "[CP] Embed Pods Frameworks";
			outputFileListPaths = (
				"${PODS_ROOT}/Target Support Files/Pods-BookGoogleTests/Pods-BookGoogleTests-frameworks-${CONFIGURATION}-output-files.xcfilelist",
			);
			runOnlyForDeploymentPostprocessing = 0;
			shellPath = /bin/sh;
			shellScript = "\"${PODS_ROOT}/Target Support Files/Pods-BookGoogleTests/Pods-BookGoogleTests-frameworks.sh\"\n";
			showEnvVarsInLog = 0;
		};
		EBE6B66E22587896009D747C /* ShellScript */ = {
			isa = PBXShellScriptBuildPhase;
			buildActionMask = 2147483647;
			files = (
			);
			inputFileListPaths = (
			);
			inputPaths = (
			);
			outputFileListPaths = (
			);
			outputPaths = (
			);
			runOnlyForDeploymentPostprocessing = 0;
			shellPath = /bin/sh;
			shellScript = "\"${PODS_ROOT}/SwiftLint/swiftlint\"\n";
		};
		EF7DA08C3C875DDA5AB4C80C /* [CP] Check Pods Manifest.lock */ = {
			isa = PBXShellScriptBuildPhase;
			buildActionMask = 2147483647;
			files = (
			);
			inputFileListPaths = (
			);
			inputPaths = (
				"${PODS_PODFILE_DIR_PATH}/Podfile.lock",
				"${PODS_ROOT}/Manifest.lock",
			);
			name = "[CP] Check Pods Manifest.lock";
			outputFileListPaths = (
			);
			outputPaths = (
				"$(DERIVED_FILE_DIR)/Pods-BookGoogle-checkManifestLockResult.txt",
			);
			runOnlyForDeploymentPostprocessing = 0;
			shellPath = /bin/sh;
			shellScript = "diff \"${PODS_PODFILE_DIR_PATH}/Podfile.lock\" \"${PODS_ROOT}/Manifest.lock\" > /dev/null\nif [ $? != 0 ] ; then\n    # print error to STDERR\n    echo \"error: The sandbox is not in sync with the Podfile.lock. Run 'pod install' or update your CocoaPods installation.\" >&2\n    exit 1\nfi\n# This output is used by Xcode 'outputs' to avoid re-running this script phase.\necho \"SUCCESS\" > \"${SCRIPT_OUTPUT_FILE_0}\"\n";
			showEnvVarsInLog = 0;
		};
/* End PBXShellScriptBuildPhase section */

/* Begin PBXSourcesBuildPhase section */
		A9D3DABE22E2FD3F00D19106 /* Sources */ = {
			isa = PBXSourcesBuildPhase;
			buildActionMask = 2147483647;
			files = (
				A9D3DAC522E2FD3F00D19106 /* BookGoogleUITests.swift in Sources */,
			);
			runOnlyForDeploymentPostprocessing = 0;
		};
		EB3A394E2254CEF700DDD583 /* Sources */ = {
			isa = PBXSourcesBuildPhase;
			buildActionMask = 2147483647;
			files = (
				EB3A39772254D38400DDD583 /* BookModel.swift in Sources */,
				EB3A39582254CEF700DDD583 /* BookTableViewController.swift in Sources */,
				EBE6B66B2257AF31009D747C /* BookDetailsViewModel.swift in Sources */,
				EB40234B225729FB00A70F1F /* String.swift in Sources */,
				EB9D9DC2225672CE004DB0EC /* InfoCollectionViewCell.swift in Sources */,
				EBE6B66D2257DDFC009D747C /* UIScrollView.swift in Sources */,
				EB40235122572CA000A70F1F /* ActivityIndicator.swift in Sources */,
				EB40234E22572B0E00A70F1F /* BookViewModel.swift in Sources */,
				EB3A397A2254D41100DDD583 /* APIService.swift in Sources */,
				EB9D9DC0225672BC004DB0EC /* ImageCollectionViewCell.swift in Sources */,
				EB3A632B225520FF00DDD583 /* BookTableViewCell.swift in Sources */,
				EB9D9DBE22565AB0004DB0EC /* BookDetailsViewController.swift in Sources */,
				EB9D9DC4225672DB004DB0EC /* DescriptionCollectionViewCell.swift in Sources */,
				EB3A39562254CEF700DDD583 /* AppDelegate.swift in Sources */,
			);
			runOnlyForDeploymentPostprocessing = 0;
		};
		EB3A39622254CEF900DDD583 /* Sources */ = {
			isa = PBXSourcesBuildPhase;
			buildActionMask = 2147483647;
			files = (
				A9D3DAAD22E05BDD00D19106 /* BookModel.swift in Sources */,
				EB3A396B2254CEF900DDD583 /* BookDetailsViewModelTests.swift in Sources */,
				A9D3DAB922E1FD6800D19106 /* BookDetailsViewModel.swift in Sources */,
				A9FE774022E03E0400DFEBFE /* BookViewModelTests.swift in Sources */,
				A9D3DAAC22E05AA800D19106 /* APIService.swift in Sources */,
				A9D3DAB822E06A8800D19106 /* TestUtils.swift in Sources */,
				A9D3DAAF22E05DA000D19106 /* BookModelTests.swift in Sources */,
				A9D3DAAB22E0599D00D19106 /* BookViewModel.swift in Sources */,
			);
			runOnlyForDeploymentPostprocessing = 0;
		};
/* End PBXSourcesBuildPhase section */

/* Begin PBXTargetDependency section */
		A9D3DAC822E2FD3F00D19106 /* PBXTargetDependency */ = {
			isa = PBXTargetDependency;
			target = EB3A39512254CEF700DDD583 /* BookGoogle */;
			targetProxy = A9D3DAC722E2FD3F00D19106 /* PBXContainerItemProxy */;
		};
		EB3A39682254CEF900DDD583 /* PBXTargetDependency */ = {
			isa = PBXTargetDependency;
			target = EB3A39512254CEF700DDD583 /* BookGoogle */;
			targetProxy = EB3A39672254CEF900DDD583 /* PBXContainerItemProxy */;
		};
/* End PBXTargetDependency section */

/* Begin PBXVariantGroup section */
		EB3A395E2254CEF900DDD583 /* LaunchScreen.storyboard */ = {
			isa = PBXVariantGroup;
			children = (
				EB3A395F2254CEF900DDD583 /* Base */,
			);
			name = LaunchScreen.storyboard;
			sourceTree = "<group>";
		};
/* End PBXVariantGroup section */

/* Begin XCBuildConfiguration section */
		A9D3DACA22E2FD3F00D19106 /* Debug */ = {
			isa = XCBuildConfiguration;
			buildSettings = {
				CODE_SIGN_STYLE = Automatic;
				DEVELOPMENT_TEAM = LU8T45JT2D;
				INFOPLIST_FILE = BookGoogleUITests/Info.plist;
				IPHONEOS_DEPLOYMENT_TARGET = 12.2;
				LD_RUNPATH_SEARCH_PATHS = (
					"$(inherited)",
					"@executable_path/Frameworks",
					"@loader_path/Frameworks",
				);
				PRODUCT_BUNDLE_IDENTIFIER = miguelrrc.BookGoogleUITests;
				PRODUCT_NAME = "$(TARGET_NAME)";
				SWIFT_VERSION = 5.0;
				TARGETED_DEVICE_FAMILY = "1,2";
				TEST_TARGET_NAME = BookGoogle;
			};
			name = Debug;
		};
		A9D3DACB22E2FD3F00D19106 /* Release */ = {
			isa = XCBuildConfiguration;
			buildSettings = {
				CODE_SIGN_STYLE = Automatic;
				DEVELOPMENT_TEAM = LU8T45JT2D;
				INFOPLIST_FILE = BookGoogleUITests/Info.plist;
				IPHONEOS_DEPLOYMENT_TARGET = 12.2;
				LD_RUNPATH_SEARCH_PATHS = (
					"$(inherited)",
					"@executable_path/Frameworks",
					"@loader_path/Frameworks",
				);
				PRODUCT_BUNDLE_IDENTIFIER = miguelrrc.BookGoogleUITests;
				PRODUCT_NAME = "$(TARGET_NAME)";
				SWIFT_VERSION = 5.0;
				TARGETED_DEVICE_FAMILY = "1,2";
				TEST_TARGET_NAME = BookGoogle;
			};
			name = Release;
		};
		EB3A396D2254CEF900DDD583 /* Debug */ = {
			isa = XCBuildConfiguration;
			buildSettings = {
				ALWAYS_SEARCH_USER_PATHS = NO;
				CLANG_ANALYZER_NONNULL = YES;
				CLANG_ANALYZER_NUMBER_OBJECT_CONVERSION = YES_AGGRESSIVE;
				CLANG_CXX_LANGUAGE_STANDARD = "gnu++14";
				CLANG_CXX_LIBRARY = "libc++";
				CLANG_ENABLE_MODULES = YES;
				CLANG_ENABLE_OBJC_ARC = YES;
				CLANG_ENABLE_OBJC_WEAK = YES;
				CLANG_WARN_BLOCK_CAPTURE_AUTORELEASING = YES;
				CLANG_WARN_BOOL_CONVERSION = YES;
				CLANG_WARN_COMMA = YES;
				CLANG_WARN_CONSTANT_CONVERSION = YES;
				CLANG_WARN_DEPRECATED_OBJC_IMPLEMENTATIONS = YES;
				CLANG_WARN_DIRECT_OBJC_ISA_USAGE = YES_ERROR;
				CLANG_WARN_DOCUMENTATION_COMMENTS = YES;
				CLANG_WARN_EMPTY_BODY = YES;
				CLANG_WARN_ENUM_CONVERSION = YES;
				CLANG_WARN_INFINITE_RECURSION = YES;
				CLANG_WARN_INT_CONVERSION = YES;
				CLANG_WARN_NON_LITERAL_NULL_CONVERSION = YES;
				CLANG_WARN_OBJC_IMPLICIT_RETAIN_SELF = YES;
				CLANG_WARN_OBJC_LITERAL_CONVERSION = YES;
				CLANG_WARN_OBJC_ROOT_CLASS = YES_ERROR;
				CLANG_WARN_RANGE_LOOP_ANALYSIS = YES;
				CLANG_WARN_STRICT_PROTOTYPES = YES;
				CLANG_WARN_SUSPICIOUS_MOVE = YES;
				CLANG_WARN_UNGUARDED_AVAILABILITY = YES_AGGRESSIVE;
				CLANG_WARN_UNREACHABLE_CODE = YES;
				CLANG_WARN__DUPLICATE_METHOD_MATCH = YES;
				CODE_SIGN_IDENTITY = "iPhone Developer";
				COPY_PHASE_STRIP = NO;
				DEBUG_INFORMATION_FORMAT = dwarf;
				ENABLE_STRICT_OBJC_MSGSEND = YES;
				ENABLE_TESTABILITY = YES;
				GCC_C_LANGUAGE_STANDARD = gnu11;
				GCC_DYNAMIC_NO_PIC = NO;
				GCC_NO_COMMON_BLOCKS = YES;
				GCC_OPTIMIZATION_LEVEL = 0;
				GCC_PREPROCESSOR_DEFINITIONS = (
					"DEBUG=1",
					"$(inherited)",
				);
				GCC_WARN_64_TO_32_BIT_CONVERSION = YES;
				GCC_WARN_ABOUT_RETURN_TYPE = YES_ERROR;
				GCC_WARN_UNDECLARED_SELECTOR = YES;
				GCC_WARN_UNINITIALIZED_AUTOS = YES_AGGRESSIVE;
				GCC_WARN_UNUSED_FUNCTION = YES;
				GCC_WARN_UNUSED_VARIABLE = YES;
				IPHONEOS_DEPLOYMENT_TARGET = 12.1;
				MTL_ENABLE_DEBUG_INFO = INCLUDE_SOURCE;
				MTL_FAST_MATH = YES;
				ONLY_ACTIVE_ARCH = YES;
				SDKROOT = iphoneos;
				SWIFT_ACTIVE_COMPILATION_CONDITIONS = DEBUG;
				SWIFT_OPTIMIZATION_LEVEL = "-Onone";
			};
			name = Debug;
		};
		EB3A396E2254CEF900DDD583 /* Release */ = {
			isa = XCBuildConfiguration;
			buildSettings = {
				ALWAYS_SEARCH_USER_PATHS = NO;
				CLANG_ANALYZER_NONNULL = YES;
				CLANG_ANALYZER_NUMBER_OBJECT_CONVERSION = YES_AGGRESSIVE;
				CLANG_CXX_LANGUAGE_STANDARD = "gnu++14";
				CLANG_CXX_LIBRARY = "libc++";
				CLANG_ENABLE_MODULES = YES;
				CLANG_ENABLE_OBJC_ARC = YES;
				CLANG_ENABLE_OBJC_WEAK = YES;
				CLANG_WARN_BLOCK_CAPTURE_AUTORELEASING = YES;
				CLANG_WARN_BOOL_CONVERSION = YES;
				CLANG_WARN_COMMA = YES;
				CLANG_WARN_CONSTANT_CONVERSION = YES;
				CLANG_WARN_DEPRECATED_OBJC_IMPLEMENTATIONS = YES;
				CLANG_WARN_DIRECT_OBJC_ISA_USAGE = YES_ERROR;
				CLANG_WARN_DOCUMENTATION_COMMENTS = YES;
				CLANG_WARN_EMPTY_BODY = YES;
				CLANG_WARN_ENUM_CONVERSION = YES;
				CLANG_WARN_INFINITE_RECURSION = YES;
				CLANG_WARN_INT_CONVERSION = YES;
				CLANG_WARN_NON_LITERAL_NULL_CONVERSION = YES;
				CLANG_WARN_OBJC_IMPLICIT_RETAIN_SELF = YES;
				CLANG_WARN_OBJC_LITERAL_CONVERSION = YES;
				CLANG_WARN_OBJC_ROOT_CLASS = YES_ERROR;
				CLANG_WARN_RANGE_LOOP_ANALYSIS = YES;
				CLANG_WARN_STRICT_PROTOTYPES = YES;
				CLANG_WARN_SUSPICIOUS_MOVE = YES;
				CLANG_WARN_UNGUARDED_AVAILABILITY = YES_AGGRESSIVE;
				CLANG_WARN_UNREACHABLE_CODE = YES;
				CLANG_WARN__DUPLICATE_METHOD_MATCH = YES;
				CODE_SIGN_IDENTITY = "iPhone Developer";
				COPY_PHASE_STRIP = NO;
				DEBUG_INFORMATION_FORMAT = "dwarf-with-dsym";
				ENABLE_NS_ASSERTIONS = NO;
				ENABLE_STRICT_OBJC_MSGSEND = YES;
				GCC_C_LANGUAGE_STANDARD = gnu11;
				GCC_NO_COMMON_BLOCKS = YES;
				GCC_WARN_64_TO_32_BIT_CONVERSION = YES;
				GCC_WARN_ABOUT_RETURN_TYPE = YES_ERROR;
				GCC_WARN_UNDECLARED_SELECTOR = YES;
				GCC_WARN_UNINITIALIZED_AUTOS = YES_AGGRESSIVE;
				GCC_WARN_UNUSED_FUNCTION = YES;
				GCC_WARN_UNUSED_VARIABLE = YES;
				IPHONEOS_DEPLOYMENT_TARGET = 12.1;
				MTL_ENABLE_DEBUG_INFO = NO;
				MTL_FAST_MATH = YES;
				SDKROOT = iphoneos;
				SWIFT_COMPILATION_MODE = wholemodule;
				SWIFT_OPTIMIZATION_LEVEL = "-O";
				VALIDATE_PRODUCT = YES;
			};
			name = Release;
		};
		EB3A39702254CEF900DDD583 /* Debug */ = {
			isa = XCBuildConfiguration;
			baseConfigurationReference = 800514D8654538F90E84268E /* Pods-BookGoogle.debug.xcconfig */;
			buildSettings = {
				ASSETCATALOG_COMPILER_APPICON_NAME = AppIcon;
				CODE_SIGN_STYLE = Automatic;
				DEVELOPMENT_TEAM = LU8T45JT2D;
				FRAMEWORK_SEARCH_PATHS = (
					"$(inherited)",
					"$(PROJECT_DIR)/build/Build/Products/Debug-iphonesimulator/RxCocoa",
					"$(PROJECT_DIR)/build/Build/Products/Debug-iphonesimulator/SwiftyJSON",
					"$(PROJECT_DIR)/build/Build/Products/Debug-iphonesimulator/Alamofire",
					"$(PROJECT_DIR)/build/Build/Products/Debug-iphonesimulator",
					"$(PROJECT_DIR)/build/Build/Products/Debug-iphonesimulator/RxSwift",
					"$(PROJECT_DIR)/build/Build/Products/Debug-iphonesimulator/SnapKit",
					"$(PROJECT_DIR)/build/Build/Products/Debug-iphonesimulator/RxSwiftExt",
					"$(PROJECT_DIR)/build/Build/Products/Debug-iphonesimulator/RxAtomic",
				);
				INFOPLIST_FILE = BookGoogle/Info.plist;
				LD_RUNPATH_SEARCH_PATHS = (
					"$(inherited)",
					"@executable_path/Frameworks",
				);
				PRODUCT_BUNDLE_IDENTIFIER = com.runa.BookGoogle;
				PRODUCT_NAME = "$(TARGET_NAME)";
				SWIFT_VERSION = 4.2;
				TARGETED_DEVICE_FAMILY = "1,2";
			};
			name = Debug;
		};
		EB3A39712254CEF900DDD583 /* Release */ = {
			isa = XCBuildConfiguration;
			baseConfigurationReference = 5C628C0BE460CE6EF43019D1 /* Pods-BookGoogle.release.xcconfig */;
			buildSettings = {
				ASSETCATALOG_COMPILER_APPICON_NAME = AppIcon;
				CODE_SIGN_STYLE = Automatic;
				DEVELOPMENT_TEAM = LU8T45JT2D;
				FRAMEWORK_SEARCH_PATHS = (
					"$(inherited)",
					"$(PROJECT_DIR)/build/Build/Products/Debug-iphonesimulator/RxCocoa",
					"$(PROJECT_DIR)/build/Build/Products/Debug-iphonesimulator/SwiftyJSON",
					"$(PROJECT_DIR)/build/Build/Products/Debug-iphonesimulator/Alamofire",
					"$(PROJECT_DIR)/build/Build/Products/Debug-iphonesimulator",
					"$(PROJECT_DIR)/build/Build/Products/Debug-iphonesimulator/RxSwift",
					"$(PROJECT_DIR)/build/Build/Products/Debug-iphonesimulator/SnapKit",
					"$(PROJECT_DIR)/build/Build/Products/Debug-iphonesimulator/RxSwiftExt",
					"$(PROJECT_DIR)/build/Build/Products/Debug-iphonesimulator/RxAtomic",
				);
				INFOPLIST_FILE = BookGoogle/Info.plist;
				LD_RUNPATH_SEARCH_PATHS = (
					"$(inherited)",
					"@executable_path/Frameworks",
				);
				PRODUCT_BUNDLE_IDENTIFIER = com.runa.BookGoogle;
				PRODUCT_NAME = "$(TARGET_NAME)";
				SWIFT_VERSION = 4.2;
				TARGETED_DEVICE_FAMILY = "1,2";
			};
			name = Release;
		};
		EB3A39732254CEF900DDD583 /* Debug */ = {
			isa = XCBuildConfiguration;
			baseConfigurationReference = AD1FCE64AFF27F366F146F7F /* Pods-BookGoogleTests.debug.xcconfig */;
			buildSettings = {
				ALWAYS_EMBED_SWIFT_STANDARD_LIBRARIES = YES;
				BUNDLE_LOADER = "$(TEST_HOST)";
				CODE_SIGN_STYLE = Automatic;
				DEVELOPMENT_TEAM = LU8T45JT2D;
				INFOPLIST_FILE = BookGoogleTests/Info.plist;
				LD_RUNPATH_SEARCH_PATHS = (
					"$(inherited)",
					"@executable_path/Frameworks",
					"@loader_path/Frameworks",
				);
				PRODUCT_BUNDLE_IDENTIFIER = com.runa.BookGoogleTests;
				PRODUCT_NAME = "$(TARGET_NAME)";
				SWIFT_VERSION = 4.2;
				TARGETED_DEVICE_FAMILY = "1,2";
				TEST_HOST = "$(BUILT_PRODUCTS_DIR)/BookGoogle.app/BookGoogle";
			};
			name = Debug;
		};
		EB3A39742254CEF900DDD583 /* Release */ = {
			isa = XCBuildConfiguration;
			baseConfigurationReference = 507CCC85211B0EBEB1784499 /* Pods-BookGoogleTests.release.xcconfig */;
			buildSettings = {
				ALWAYS_EMBED_SWIFT_STANDARD_LIBRARIES = YES;
				BUNDLE_LOADER = "$(TEST_HOST)";
				CODE_SIGN_STYLE = Automatic;
				DEVELOPMENT_TEAM = LU8T45JT2D;
				INFOPLIST_FILE = BookGoogleTests/Info.plist;
				LD_RUNPATH_SEARCH_PATHS = (
					"$(inherited)",
					"@executable_path/Frameworks",
					"@loader_path/Frameworks",
				);
				PRODUCT_BUNDLE_IDENTIFIER = com.runa.BookGoogleTests;
				PRODUCT_NAME = "$(TARGET_NAME)";
				SWIFT_VERSION = 4.2;
				TARGETED_DEVICE_FAMILY = "1,2";
				TEST_HOST = "$(BUILT_PRODUCTS_DIR)/BookGoogle.app/BookGoogle";
			};
			name = Release;
		};
/* End XCBuildConfiguration section */

/* Begin XCConfigurationList section */
		A9D3DAC922E2FD3F00D19106 /* Build configuration list for PBXNativeTarget "BookGoogleUITests" */ = {
			isa = XCConfigurationList;
			buildConfigurations = (
				A9D3DACA22E2FD3F00D19106 /* Debug */,
				A9D3DACB22E2FD3F00D19106 /* Release */,
			);
			defaultConfigurationIsVisible = 0;
			defaultConfigurationName = Release;
		};
		EB3A394D2254CEF700DDD583 /* Build configuration list for PBXProject "BookGoogle" */ = {
			isa = XCConfigurationList;
			buildConfigurations = (
				EB3A396D2254CEF900DDD583 /* Debug */,
				EB3A396E2254CEF900DDD583 /* Release */,
			);
			defaultConfigurationIsVisible = 0;
			defaultConfigurationName = Release;
		};
		EB3A396F2254CEF900DDD583 /* Build configuration list for PBXNativeTarget "BookGoogle" */ = {
			isa = XCConfigurationList;
			buildConfigurations = (
				EB3A39702254CEF900DDD583 /* Debug */,
				EB3A39712254CEF900DDD583 /* Release */,
			);
			defaultConfigurationIsVisible = 0;
			defaultConfigurationName = Release;
		};
		EB3A39722254CEF900DDD583 /* Build configuration list for PBXNativeTarget "BookGoogleTests" */ = {
			isa = XCConfigurationList;
			buildConfigurations = (
				EB3A39732254CEF900DDD583 /* Debug */,
				EB3A39742254CEF900DDD583 /* Release */,
			);
			defaultConfigurationIsVisible = 0;
			defaultConfigurationName = Release;
		};
/* End XCConfigurationList section */
	};
	rootObject = EB3A394A2254CEF700DDD583 /* Project object */;
}
